
Microsoft Visual Studio Solution File, Format Version 12.00
# Visual Studio Version 17
VisualStudioVersion = 17.4.33213.308
MinimumVisualStudioVersion = 10.0.40219.1
Project("{FAE04EC0-301F-11D3-BF4B-00C04F79EFBC}") = "PictureViewerKazazyan", "PictureViewerKazazyan\PictureViewerKazazyan.csproj", "{3121A506-02DC-49D4-B71E-85474644851C}"
EndProject
Global
	GlobalSection(SolutionConfigurationPlatforms) = preSolution
		Debug|Any CPU = Debug|Any CPU
		Release|Any CPU = Release|Any CPU
	EndGlobalSection
	GlobalSection(ProjectConfigurationPlatforms) = postSolution
		{3121A506-02DC-49D4-B71E-85474644851C}.Debug|Any CPU.ActiveCfg = Debug|Any CPU
		{3121A506-02DC-49D4-B71E-85474644851C}.Debug|Any CPU.Build.0 = Debug|Any CPU
		{3121A506-02DC-49D4-B71E-85474644851C}.Release|Any CPU.ActiveCfg = Release|Any CPU
		{3121A506-02DC-49D4-B71E-85474644851C}.Release|Any CPU.Build.0 = Release|Any CPU
	EndGlobalSection
	GlobalSection(SolutionProperties) = preSolution
		HideSolutionNode = FALSE
	EndGlobalSection
	GlobalSection(ExtensibilityGlobals) = postSolution
		SolutionGuid = {DB8057A3-1970-4A30-A670-F6EE8E9BBD38}
	EndGlobalSection
EndGlobal
